
Microsoft Visual Studio Solution File, Format Version 12.00
# Visual Studio Version 17
VisualStudioVersion = 17.5.002.0
MinimumVisualStudioVersion = 10.0.40219.1
Project("{9A19103F-16F7-4668-BE54-9A1E7A4F7556}") = "Clase_15-6_Nodos", "Clase_15-6_Nodos.csproj", "{2C44E30E-7F25-4027-A646-358022B65785}"
EndProject
Global
	GlobalSection(SolutionConfigurationPlatforms) = preSolution
		Debug|Any CPU = Debug|Any CPU
		Release|Any CPU = Release|Any CPU
	EndGlobalSection
	GlobalSection(ProjectConfigurationPlatforms) = postSolution
		{2C44E30E-7F25-4027-A646-358022B65785}.Debug|Any CPU.ActiveCfg = Debug|Any CPU
		{2C44E30E-7F25-4027-A646-358022B65785}.Debug|Any CPU.Build.0 = Debug|Any CPU
		{2C44E30E-7F25-4027-A646-358022B65785}.Release|Any CPU.ActiveCfg = Release|Any CPU
		{2C44E30E-7F25-4027-A646-358022B65785}.Release|Any CPU.Build.0 = Release|Any CPU
	EndGlobalSection
	GlobalSection(SolutionProperties) = preSolution
		HideSolutionNode = FALSE
	EndGlobalSection
	GlobalSection(ExtensibilityGlobals) = postSolution
		SolutionGuid = {85520BC0-05AA-41B9-A6EA-E13CAC2AD161}
	EndGlobalSection
EndGlobal
