
Microsoft Visual Studio Solution File, Format Version 12.00
# Visual Studio Version 17
VisualStudioVersion = 17.5.33530.505
MinimumVisualStudioVersion = 10.0.40219.1
Project("{FAE04EC0-301F-11D3-BF4B-00C04F79EFBC}") = "Clase-6_5-PII", "Clase-6_5-PII.csproj", "{0C36CB97-1883-44AF-9582-18A5CA60E051}"
EndProject
Global
	GlobalSection(SolutionConfigurationPlatforms) = preSolution
		Debug|Any CPU = Debug|Any CPU
		Release|Any CPU = Release|Any CPU
	EndGlobalSection
	GlobalSection(ProjectConfigurationPlatforms) = postSolution
		{0C36CB97-1883-44AF-9582-18A5CA60E051}.Debug|Any CPU.ActiveCfg = Debug|Any CPU
		{0C36CB97-1883-44AF-9582-18A5CA60E051}.Debug|Any CPU.Build.0 = Debug|Any CPU
		{0C36CB97-1883-44AF-9582-18A5CA60E051}.Release|Any CPU.ActiveCfg = Release|Any CPU
		{0C36CB97-1883-44AF-9582-18A5CA60E051}.Release|Any CPU.Build.0 = Release|Any CPU
	EndGlobalSection
	GlobalSection(SolutionProperties) = preSolution
		HideSolutionNode = FALSE
	EndGlobalSection
	GlobalSection(ExtensibilityGlobals) = postSolution
		SolutionGuid = {3F2AB9C9-8D3E-495C-88D9-5A324C95556D}
	EndGlobalSection
EndGlobal
