
Microsoft Visual Studio Solution File, Format Version 12.00
# Visual Studio Version 17
VisualStudioVersion = 17.5.33530.505
MinimumVisualStudioVersion = 10.0.40219.1
Project("{FAE04EC0-301F-11D3-BF4B-00C04F79EFBC}") = "AppCalculadora", "AppCalculadora.csproj", "{9B2901F6-F443-47C6-A1FD-3FF78C178244}"
EndProject
Global
	GlobalSection(SolutionConfigurationPlatforms) = preSolution
		Debug|Any CPU = Debug|Any CPU
		Release|Any CPU = Release|Any CPU
	EndGlobalSection
	GlobalSection(ProjectConfigurationPlatforms) = postSolution
		{9B2901F6-F443-47C6-A1FD-3FF78C178244}.Debug|Any CPU.ActiveCfg = Debug|Any CPU
		{9B2901F6-F443-47C6-A1FD-3FF78C178244}.Debug|Any CPU.Build.0 = Debug|Any CPU
		{9B2901F6-F443-47C6-A1FD-3FF78C178244}.Release|Any CPU.ActiveCfg = Release|Any CPU
		{9B2901F6-F443-47C6-A1FD-3FF78C178244}.Release|Any CPU.Build.0 = Release|Any CPU
	EndGlobalSection
	GlobalSection(SolutionProperties) = preSolution
		HideSolutionNode = FALSE
	EndGlobalSection
	GlobalSection(ExtensibilityGlobals) = postSolution
		SolutionGuid = {D4723FE3-575E-485D-89DC-0B50BFBF9EB2}
	EndGlobalSection
EndGlobal
